
Microsoft Visual Studio Solution File, Format Version 12.00
# Visual Studio Version 17
VisualStudioVersion = 17.1.32407.343
MinimumVisualStudioVersion = 10.0.40219.1
Project("{FAE04EC0-301F-11D3-BF4B-00C04F79EFBC}") = "Bank", "Bank\Bank.csproj", "{AB73C431-93A5-4187-8AA2-6A2D21D6B87A}"
EndProject
Global
	GlobalSection(SolutionConfigurationPlatforms) = preSolution
		Debug|Any CPU = Debug|Any CPU
		Release|Any CPU = Release|Any CPU
	EndGlobalSection
	GlobalSection(ProjectConfigurationPlatforms) = postSolution
		{AB73C431-93A5-4187-8AA2-6A2D21D6B87A}.Debug|Any CPU.ActiveCfg = Debug|Any CPU
		{AB73C431-93A5-4187-8AA2-6A2D21D6B87A}.Debug|Any CPU.Build.0 = Debug|Any CPU
		{AB73C431-93A5-4187-8AA2-6A2D21D6B87A}.Release|Any CPU.ActiveCfg = Release|Any CPU
		{AB73C431-93A5-4187-8AA2-6A2D21D6B87A}.Release|Any CPU.Build.0 = Release|Any CPU
	EndGlobalSection
	GlobalSection(SolutionProperties) = preSolution
		HideSolutionNode = FALSE
	EndGlobalSection
	GlobalSection(ExtensibilityGlobals) = postSolution
		SolutionGuid = {A898267B-E674-4826-9A63-BEC4F9AA0FA9}
	EndGlobalSection
EndGlobal
